
Microsoft Visual Studio Solution File, Format Version 12.00
# Visual Studio Version 16
VisualStudioVersion = 16.0.31129.286
MinimumVisualStudioVersion = 10.0.40219.1
Project("{FAE04EC0-301F-11D3-BF4B-00C04F79EFBC}") = "WebApplication", "WebApplication\WebApplication.csproj", "{AD3673EA-4E5C-4CE7-BA96-F6925891E5FB}"
EndProject
Project("{2150E333-8FDC-42A3-9474-1A3956D46DE8}") = "SolutionItems", "SolutionItems", "{793916E6-A9F1-4F93-BD93-F84A886D0A7B}"
	ProjectSection(SolutionItems) = preProject
		AngularWebAPISQLServer.postman_collection.json = AngularWebAPISQLServer.postman_collection.json
		EmployeeDB.sql = EmployeeDB.sql
	EndProjectSection
EndProject
Global
	GlobalSection(SolutionConfigurationPlatforms) = preSolution
		Debug|Any CPU = Debug|Any CPU
		Release|Any CPU = Release|Any CPU
	EndGlobalSection
	GlobalSection(ProjectConfigurationPlatforms) = postSolution
		{AD3673EA-4E5C-4CE7-BA96-F6925891E5FB}.Debug|Any CPU.ActiveCfg = Debug|Any CPU
		{AD3673EA-4E5C-4CE7-BA96-F6925891E5FB}.Debug|Any CPU.Build.0 = Debug|Any CPU
		{AD3673EA-4E5C-4CE7-BA96-F6925891E5FB}.Release|Any CPU.ActiveCfg = Release|Any CPU
		{AD3673EA-4E5C-4CE7-BA96-F6925891E5FB}.Release|Any CPU.Build.0 = Release|Any CPU
	EndGlobalSection
	GlobalSection(SolutionProperties) = preSolution
		HideSolutionNode = FALSE
	EndGlobalSection
	GlobalSection(ExtensibilityGlobals) = postSolution
		SolutionGuid = {2624ADAF-EAD9-4939-9164-E3F33EF8C0E8}
	EndGlobalSection
EndGlobal
